
Microsoft Visual Studio Solution File, Format Version 12.00
# Visual Studio Version 17
VisualStudioVersion = 17.6.33815.320
MinimumVisualStudioVersion = 10.0.40219.1
Project("{FAE04EC0-301F-11D3-BF4B-00C04F79EFBC}") = "Experiments", "Experiments\Experiments.csproj", "{C34BE614-11B6-4178-BA4A-EB7B95D65C89}"
EndProject
Global
	GlobalSection(SolutionConfigurationPlatforms) = preSolution
		Debug|Any CPU = Debug|Any CPU
		Release|Any CPU = Release|Any CPU
	EndGlobalSection
	GlobalSection(ProjectConfigurationPlatforms) = postSolution
		{C34BE614-11B6-4178-BA4A-EB7B95D65C89}.Debug|Any CPU.ActiveCfg = Debug|Any CPU
		{C34BE614-11B6-4178-BA4A-EB7B95D65C89}.Debug|Any CPU.Build.0 = Debug|Any CPU
		{C34BE614-11B6-4178-BA4A-EB7B95D65C89}.Release|Any CPU.ActiveCfg = Release|Any CPU
		{C34BE614-11B6-4178-BA4A-EB7B95D65C89}.Release|Any CPU.Build.0 = Release|Any CPU
	EndGlobalSection
	GlobalSection(SolutionProperties) = preSolution
		HideSolutionNode = FALSE
	EndGlobalSection
	GlobalSection(ExtensibilityGlobals) = postSolution
		SolutionGuid = {0E7EC8A7-8428-402B-88FB-FFA55C785C48}
	EndGlobalSection
EndGlobal
